<?xml version="1.0" encoding="utf-8"?>
<Project ToolsVersion="4.0" xmlns="http://schemas.microsoft.com/developer/msbuild/2003">
  <ItemGroup>
    <Filter Include="Fichiers sources">
      <UniqueIdentifier>{4FC737F1-C7A5-4376-A066-2A32D752A2FF}</UniqueIdentifier>
      <Extensions>cpp;c;cc;cxx;def;odl;idl;hpj;bat;asm;asmx</Extensions>
    </Filter>
    <Filter Include="Fichiers d%27en-tête">
      <UniqueIdentifier>{93995380-89BD-4b04-88EB-625FBE52EBFB}</UniqueIdentifier>
      <Extensions>h;hh;hpp;hxx;hm;inl;inc;xsd</Extensions>
    </Filter>
    <Filter Include="Fichiers de ressources">
      <UniqueIdentifier>{67DA6AB6-F800-4c08-8B7A-83BB121AAD01}</UniqueIdentifier>
      <Extensions>rc;ico;cur;bmp;dlg;rc2;rct;bin;rgs;gif;jpg;jpeg;jpe;resx;tiff;tif;png;wav;mfcribbon-ms</Extensions>
    </Filter>
    <Filter Include="prov">
      <UniqueIdentifier>{d5f8a2f5-ddd9-4a53-adfd-0417080916f9}</UniqueIdentifier>
    </Filter>
    <Filter Include="user">
      <UniqueIdentifier>{b00818ef-e677-4baa-b498-b63b3dfb94bf}</UniqueIdentifier>
    </Filter>
    <Filter Include="serv">
      <UniqueIdentifier>{e8f13ba4-7ec7-4445-8c3d-83ebf51e06b5}</UniqueIdentifier>
    </Filter>
  </ItemGroup>
  <ItemGroup>
    <ClInclude Include="stdafx.h">
      <Filter>Fichiers d%27en-tête</Filter>
    </ClInclude>
    <ClInclude Include="targetver.h">
      <Filter>Fichiers d%27en-tête</Filter>
    </ClInclude>
    <ClInclude Include="..\..\..\..\..\..\code\iso\itu\osi\als\asap\prov\FSM.h">
      <Filter>prov</Filter>
    </ClInclude>
    <ClInclude Include="..\..\..\..\..\..\code\iso\itu\osi\als\asap\prov\Logger.h">
      <Filter>prov</Filter>
    </ClInclude>
    <ClInclude Include="..\..\..\..\..\..\code\iso\itu\osi\als\asap\prov\Provider.h">
      <Filter>prov</Filter>
    </ClInclude>
    <ClInclude Include="..\..\..\..\..\..\code\iso\itu\osi\als\asap\asap.h" />
    <ClInclude Include="..\..\..\..\..\..\code\iso\itu\osi\als\asap\serv\AbortRequest.h">
      <Filter>serv</Filter>
    </ClInclude>
    <ClInclude Include="..\..\..\..\..\..\code\iso\itu\osi\als\asap\serv\Initiator.h">
      <Filter>serv</Filter>
    </ClInclude>
    <ClInclude Include="..\..\..\..\..\..\code\iso\itu\osi\als\asap\serv\ReleaseRequest.h">
      <Filter>serv</Filter>
    </ClInclude>
    <ClInclude Include="..\..\..\..\..\..\code\iso\itu\osi\als\asap\serv\ReleaseResponse.h">
      <Filter>serv</Filter>
    </ClInclude>
    <ClInclude Include="..\..\..\..\..\..\code\iso\itu\osi\als\asap\serv\Responder.h">
      <Filter>serv</Filter>
    </ClInclude>
    <ClInclude Include="..\..\..\..\..\..\code\iso\itu\osi\als\asap\user\AbortIndication.h">
      <Filter>user</Filter>
    </ClInclude>
    <ClInclude Include="..\..\..\..\..\..\code\iso\itu\osi\als\asap\user\Initiator.h">
      <Filter>user</Filter>
    </ClInclude>
    <ClInclude Include="..\..\..\..\..\..\code\iso\itu\osi\als\asap\user\ReleaseConfirmation.h">
      <Filter>user</Filter>
    </ClInclude>
    <ClInclude Include="..\..\..\..\..\..\code\iso\itu\osi\als\asap\user\ReleaseIndication.h">
      <Filter>user</Filter>
    </ClInclude>
    <ClInclude Include="..\..\..\..\..\..\code\iso\itu\osi\als\asap\user\Responder.h">
      <Filter>user</Filter>
    </ClInclude>
    <ClInclude Include="..\..\..\..\..\..\code\iso\itu\osi\als\asap\Literal.h" />
  </ItemGroup>
  <ItemGroup>
    <ClCompile Include="stdafx.cpp">
      <Filter>Fichiers sources</Filter>
    </ClCompile>
    <ClCompile Include="dllmain.cpp">
      <Filter>Fichiers sources</Filter>
    </ClCompile>
    <ClCompile Include="..\..\..\..\..\..\code\iso\itu\osi\asn1\csn\ASN.cpp">
      <Filter>Fichiers sources</Filter>
    </ClCompile>
    <ClCompile Include="..\..\..\..\..\..\code\iso\itu\osi\als\asap\prov\FSM.cpp">
      <Filter>prov</Filter>
    </ClCompile>
    <ClCompile Include="..\..\..\..\..\..\code\iso\itu\osi\als\asap\prov\Logger.cpp">
      <Filter>prov</Filter>
    </ClCompile>
    <ClCompile Include="..\..\..\..\..\..\code\iso\itu\osi\als\asap\prov\Provider.cpp">
      <Filter>prov</Filter>
    </ClCompile>
    <ClCompile Include="..\..\..\..\..\..\code\iso\itu\osi\als\asap\Literal.cpp" />
  </ItemGroup>
  <ItemGroup>
    <None Include="..\..\..\..\..\..\code\iso\itu\osi\als\asap\prov\AcSAP.sm">
      <Filter>prov</Filter>
    </None>
  </ItemGroup>
</Project>