
Microsoft Visual Studio Solution File, Format Version 12.00
# Visual Studio Express 2013 for Windows Desktop
VisualStudioVersion = 12.0.40629.0
MinimumVisualStudioVersion = 10.0.40219.1
Project("{8BC9CEB8-8B4A-11D0-8D11-00A0C91BC942}") = "nsap", "als\nsap\nsap-w32.vcxproj", "{192BE674-8A12-4B53-84E0-A41A45B32946}"
	ProjectSection(ProjectDependencies) = postProject
		{A7E5F432-88A5-4365-8639-EC890A8243FA} = {A7E5F432-88A5-4365-8639-EC890A8243FA}
	EndProjectSection
EndProject
Project("{8BC9CEB8-8B4A-11D0-8D11-00A0C91BC942}") = "tsap", "als\tsap\tsap-w32.vcxproj", "{342102C4-58B2-4F30-8289-C10FBA8DB217}"
	ProjectSection(ProjectDependencies) = postProject
		{A7E5F432-88A5-4365-8639-EC890A8243FA} = {A7E5F432-88A5-4365-8639-EC890A8243FA}
		{192BE674-8A12-4B53-84E0-A41A45B32946} = {192BE674-8A12-4B53-84E0-A41A45B32946}
		{8438EBFD-D646-47FB-86A6-6DB7C382BE36} = {8438EBFD-D646-47FB-86A6-6DB7C382BE36}
	EndProjectSection
EndProject
Project("{8BC9CEB8-8B4A-11D0-8D11-00A0C91BC942}") = "ssap", "als\ssap\ssap-w32.vcxproj", "{7C0B2036-335A-484A-B808-F5F0A0F291DA}"
	ProjectSection(ProjectDependencies) = postProject
		{342102C4-58B2-4F30-8289-C10FBA8DB217} = {342102C4-58B2-4F30-8289-C10FBA8DB217}
		{8438EBFD-D646-47FB-86A6-6DB7C382BE36} = {8438EBFD-D646-47FB-86A6-6DB7C382BE36}
	EndProjectSection
EndProject
Project("{8BC9CEB8-8B4A-11D0-8D11-00A0C91BC942}") = "base", "als\base\base-w32.vcxproj", "{A7E5F432-88A5-4365-8639-EC890A8243FA}"
EndProject
Project("{2150E333-8FDC-42A3-9474-1A3956D46DE8}") = "test", "test", "{2367B5BC-731C-4B97-97BD-D388BC5C085E}"
EndProject
Project("{2150E333-8FDC-42A3-9474-1A3956D46DE8}") = "demo", "demo", "{315DE94A-D360-45D2-B280-757D049A7349}"
	ProjectSection(SolutionItems) = preProject
		..\..\..\..\code\iso\itu\osi\demo\Echo.h = ..\..\..\..\code\iso\itu\osi\demo\Echo.h
		..\..\..\..\code\iso\itu\osi\demo\EchoServer.h = ..\..\..\..\code\iso\itu\osi\demo\EchoServer.h
		..\..\..\..\code\iso\itu\osi\demo\SSAPEcho.h = ..\..\..\..\code\iso\itu\osi\demo\SSAPEcho.h
	EndProjectSection
EndProject
Project("{2150E333-8FDC-42A3-9474-1A3956D46DE8}") = "als", "als", "{21FFCB6D-EDC2-4C1A-A4AE-1B9C195FE292}"
	ProjectSection(SolutionItems) = preProject
		..\..\..\..\code\iso\itu\osi\als\als.h = ..\..\..\..\code\iso\itu\osi\als\als.h
		ITU-T.txt = ITU-T.txt
		..\..\..\..\code\iso\itu\osi\statemap.h = ..\..\..\..\code\iso\itu\osi\statemap.h
	EndProjectSection
EndProject
Project("{8BC9CEB8-8B4A-11D0-8D11-00A0C91BC942}") = "SSAPEchoServer", "demo\SSAPEchoServer\SSAPEchoServer.vcxproj", "{8069F8E7-C97C-421E-AB34-BFB859DB365A}"
	ProjectSection(ProjectDependencies) = postProject
		{7C0B2036-335A-484A-B808-F5F0A0F291DA} = {7C0B2036-335A-484A-B808-F5F0A0F291DA}
	EndProjectSection
EndProject
Project("{8BC9CEB8-8B4A-11D0-8D11-00A0C91BC942}") = "SSAPEchoClient", "demo\SSAPEchoClient\SSAPEchoClient.vcxproj", "{DA1183AC-3525-46EC-BCF0-BEFD9DDB3D35}"
	ProjectSection(ProjectDependencies) = postProject
		{7C0B2036-335A-484A-B808-F5F0A0F291DA} = {7C0B2036-335A-484A-B808-F5F0A0F291DA}
	EndProjectSection
EndProject
Project("{8BC9CEB8-8B4A-11D0-8D11-00A0C91BC942}") = "TSAPEchoClient", "demo\TSAPEchoClient\TSAPEchoClient.vcxproj", "{E84870A8-F880-484E-92A5-4CC59634A167}"
	ProjectSection(ProjectDependencies) = postProject
		{342102C4-58B2-4F30-8289-C10FBA8DB217} = {342102C4-58B2-4F30-8289-C10FBA8DB217}
	EndProjectSection
EndProject
Project("{8BC9CEB8-8B4A-11D0-8D11-00A0C91BC942}") = "TSAPEchoServer", "demo\TSAPEchoServer\TSAPEchoServer.vcxproj", "{5ADAA21E-F47C-40A4-A00B-AF6F5FE52B0C}"
	ProjectSection(ProjectDependencies) = postProject
		{342102C4-58B2-4F30-8289-C10FBA8DB217} = {342102C4-58B2-4F30-8289-C10FBA8DB217}
	EndProjectSection
EndProject
Project("{8BC9CEB8-8B4A-11D0-8D11-00A0C91BC942}") = "psap", "als\psap\psap.vcxproj", "{7C304F41-CAFA-423E-98FA-5BE0E329A0DE}"
	ProjectSection(ProjectDependencies) = postProject
		{7C0B2036-335A-484A-B808-F5F0A0F291DA} = {7C0B2036-335A-484A-B808-F5F0A0F291DA}
	EndProjectSection
EndProject
Project("{8BC9CEB8-8B4A-11D0-8D11-00A0C91BC942}") = "asap", "als\asap\asap.vcxproj", "{F2A53702-11C0-4499-8B46-852E9183242E}"
	ProjectSection(ProjectDependencies) = postProject
		{7C304F41-CAFA-423E-98FA-5BE0E329A0DE} = {7C304F41-CAFA-423E-98FA-5BE0E329A0DE}
	EndProjectSection
EndProject
Project("{8BC9CEB8-8B4A-11D0-8D11-00A0C91BC942}") = "ASAPEchoServer", "demo\ASAPEchoServer\ASAPEchoServer.vcxproj", "{9A1A433F-17BB-4079-963F-241594EB8DE6}"
	ProjectSection(ProjectDependencies) = postProject
		{F2A53702-11C0-4499-8B46-852E9183242E} = {F2A53702-11C0-4499-8B46-852E9183242E}
		{7C304F41-CAFA-423E-98FA-5BE0E329A0DE} = {7C304F41-CAFA-423E-98FA-5BE0E329A0DE}
	EndProjectSection
EndProject
Project("{8BC9CEB8-8B4A-11D0-8D11-00A0C91BC942}") = "ASAPEchoClient", "demo\ASAPEchoClient\ASAPEchoClient.vcxproj", "{65636404-DBD5-4F26-AE66-5558A5A5524C}"
	ProjectSection(ProjectDependencies) = postProject
		{F2A53702-11C0-4499-8B46-852E9183242E} = {F2A53702-11C0-4499-8B46-852E9183242E}
	EndProjectSection
EndProject
Project("{2150E333-8FDC-42A3-9474-1A3956D46DE8}") = "base", "base", "{AF28240F-88C1-4749-8C4E-7D9A3EE99C57}"
EndProject
Project("{2150E333-8FDC-42A3-9474-1A3956D46DE8}") = "nsap", "nsap", "{B1DCD9A1-078B-4413-9F39-35B7A6AAF2C7}"
EndProject
Project("{2150E333-8FDC-42A3-9474-1A3956D46DE8}") = "tsap", "tsap", "{273E29E0-4DB6-44C2-9314-7B50C170D0B5}"
EndProject
Project("{2150E333-8FDC-42A3-9474-1A3956D46DE8}") = "ssap", "ssap", "{F811E546-1205-49CE-A0AA-D8328AABA958}"
EndProject
Project("{2150E333-8FDC-42A3-9474-1A3956D46DE8}") = "trial", "trial", "{48E6B60A-B56F-4831-9B5D-5CF2FD26FA78}"
EndProject
Project("{2150E333-8FDC-42A3-9474-1A3956D46DE8}") = "Solution Items", "Solution Items", "{17AA1874-876C-4F27-ABD0-382765B31AD0}"
	ProjectSection(SolutionItems) = preProject
		..\..\..\..\..\.travis.yml = ..\..\..\..\..\.travis.yml
		..\..\..\..\..\appveyor.yml = ..\..\..\..\..\appveyor.yml
		..\..\..\..\README = ..\..\..\..\README
		..\..\..\..\..\README.md = ..\..\..\..\..\README.md
		solution.props = solution.props
	EndProjectSection
EndProject
Project("{8BC9CEB8-8B4A-11D0-8D11-00A0C91BC942}") = "TCP", "fsm\TCP\TCP.vcxproj", "{164AB532-5990-4778-9FAF-50F1AA3051ED}"
EndProject
Project("{2150E333-8FDC-42A3-9474-1A3956D46DE8}") = "fsmc", "fsmc", "{F0D7C1F1-9EAF-4780-84C1-4DCB80AEF2CF}"
EndProject
Project("{2150E333-8FDC-42A3-9474-1A3956D46DE8}") = "asn1", "asn1", "{060A3630-F017-4F79-880B-D51A09BFD6DB}"
EndProject
Project("{8BC9CEB8-8B4A-11D0-8D11-00A0C91BC942}") = "isod", "als\isod\isod-w32.vcxproj", "{804F5DF6-B8DD-4188-B110-3D90B26CBE59}"
	ProjectSection(ProjectDependencies) = postProject
		{7C0B2036-335A-484A-B808-F5F0A0F291DA} = {7C0B2036-335A-484A-B808-F5F0A0F291DA}
		{192BE674-8A12-4B53-84E0-A41A45B32946} = {192BE674-8A12-4B53-84E0-A41A45B32946}
		{342102C4-58B2-4F30-8289-C10FBA8DB217} = {342102C4-58B2-4F30-8289-C10FBA8DB217}
	EndProjectSection
EndProject
Project("{8BC9CEB8-8B4A-11D0-8D11-00A0C91BC942}") = "fsmc", "fsmc\fsmc.vcxproj", "{8438EBFD-D646-47FB-86A6-6DB7C382BE36}"
EndProject
Project("{8BC9CEB8-8B4A-11D0-8D11-00A0C91BC942}") = "nsap-testsuite", "als\nsap\nsap-testsuite-w32.vcxproj", "{7A6EB5AB-FCD7-4114-B6B4-E74BAB3F0DCB}"
	ProjectSection(ProjectDependencies) = postProject
		{A7E5F432-88A5-4365-8639-EC890A8243FA} = {A7E5F432-88A5-4365-8639-EC890A8243FA}
		{192BE674-8A12-4B53-84E0-A41A45B32946} = {192BE674-8A12-4B53-84E0-A41A45B32946}
	EndProjectSection
EndProject
Project("{8BC9CEB8-8B4A-11D0-8D11-00A0C91BC942}") = "base-testsuite", "als\base\base-testsuite-w32.vcxproj", "{F87D94B9-5432-4CE4-A917-A8F8AF432B0C}"
	ProjectSection(ProjectDependencies) = postProject
		{A7E5F432-88A5-4365-8639-EC890A8243FA} = {A7E5F432-88A5-4365-8639-EC890A8243FA}
	EndProjectSection
EndProject
Project("{8BC9CEB8-8B4A-11D0-8D11-00A0C91BC942}") = "tsap-testsuite", "als\tsap\testsuite\tsap-testsuite-w32.vcxproj", "{5E63A2F5-8F11-4046-8FD7-B13C70484F12}"
	ProjectSection(ProjectDependencies) = postProject
		{81311004-91DF-4D2E-9304-CADD310D4117} = {81311004-91DF-4D2E-9304-CADD310D4117}
		{342102C4-58B2-4F30-8289-C10FBA8DB217} = {342102C4-58B2-4F30-8289-C10FBA8DB217}
	EndProjectSection
EndProject
Project("{8BC9CEB8-8B4A-11D0-8D11-00A0C91BC942}") = "tsap-testsuite-responder", "als\tsap\testsuite\tsap-testsuite-responder-w32.vcxproj", "{81311004-91DF-4D2E-9304-CADD310D4117}"
	ProjectSection(ProjectDependencies) = postProject
		{342102C4-58B2-4F30-8289-C10FBA8DB217} = {342102C4-58B2-4F30-8289-C10FBA8DB217}
	EndProjectSection
EndProject
Project("{8BC9CEB8-8B4A-11D0-8D11-00A0C91BC942}") = "ssap-testsuite", "als\ssap\testsuite\ssap-testsuite-w32.vcxproj", "{12AF759E-04E8-4293-8803-AD728C52B520}"
EndProject
Project("{2150E333-8FDC-42A3-9474-1A3956D46DE8}") = "psap", "psap", "{4B6AEBF9-2DD2-4E73-B1E0-A20ACDA8AA74}"
EndProject
Project("{2150E333-8FDC-42A3-9474-1A3956D46DE8}") = "acsap", "acsap", "{1C007E96-C9F5-453C-B7B8-34F0537C4F62}"
EndProject
Project("{2150E333-8FDC-42A3-9474-1A3956D46DE8}") = "X.200", "X.200", "{1566C51E-2242-4955-8646-C332855C0714}"
	ProjectSection(SolutionItems) = preProject
		..\..\..\..\..\ITU-T\X Series\X.200\T-REC-X.215-199511-I!!PDF-E.pdf = ..\..\..\..\..\ITU-T\X Series\X.200\T-REC-X.215-199511-I!!PDF-E.pdf
		..\..\..\..\..\ITU-T\X Series\X.200\T-REC-X.217-199504-I!!PDF-E.pdf = ..\..\..\..\..\ITU-T\X Series\X.200\T-REC-X.217-199504-I!!PDF-E.pdf
		..\..\..\..\..\ITU-T\X Series\X.200\T-REC-X.225-199511-I!!PDF-E.pdf = ..\..\..\..\..\ITU-T\X Series\X.200\T-REC-X.225-199511-I!!PDF-E.pdf
	EndProjectSection
EndProject
Global
	GlobalSection(SolutionConfigurationPlatforms) = preSolution
		Debug|Win32 = Debug|Win32
		Debug|x64 = Debug|x64
		Release|Win32 = Release|Win32
		Release|x64 = Release|x64
	EndGlobalSection
	GlobalSection(ProjectConfigurationPlatforms) = postSolution
		{192BE674-8A12-4B53-84E0-A41A45B32946}.Debug|Win32.ActiveCfg = Debug|Win32
		{192BE674-8A12-4B53-84E0-A41A45B32946}.Debug|Win32.Build.0 = Debug|Win32
		{192BE674-8A12-4B53-84E0-A41A45B32946}.Debug|x64.ActiveCfg = Debug|Win32
		{192BE674-8A12-4B53-84E0-A41A45B32946}.Release|Win32.ActiveCfg = Release|Win32
		{192BE674-8A12-4B53-84E0-A41A45B32946}.Release|Win32.Build.0 = Release|Win32
		{192BE674-8A12-4B53-84E0-A41A45B32946}.Release|x64.ActiveCfg = Release|Win32
		{342102C4-58B2-4F30-8289-C10FBA8DB217}.Debug|Win32.ActiveCfg = Debug|Win32
		{342102C4-58B2-4F30-8289-C10FBA8DB217}.Debug|Win32.Build.0 = Debug|Win32
		{342102C4-58B2-4F30-8289-C10FBA8DB217}.Debug|x64.ActiveCfg = Debug|Win32
		{342102C4-58B2-4F30-8289-C10FBA8DB217}.Release|Win32.ActiveCfg = Release|Win32
		{342102C4-58B2-4F30-8289-C10FBA8DB217}.Release|Win32.Build.0 = Release|Win32
		{342102C4-58B2-4F30-8289-C10FBA8DB217}.Release|x64.ActiveCfg = Release|Win32
		{7C0B2036-335A-484A-B808-F5F0A0F291DA}.Debug|Win32.ActiveCfg = Debug|Win32
		{7C0B2036-335A-484A-B808-F5F0A0F291DA}.Debug|Win32.Build.0 = Debug|Win32
		{7C0B2036-335A-484A-B808-F5F0A0F291DA}.Debug|x64.ActiveCfg = Debug|Win32
		{7C0B2036-335A-484A-B808-F5F0A0F291DA}.Release|Win32.ActiveCfg = Release|Win32
		{7C0B2036-335A-484A-B808-F5F0A0F291DA}.Release|Win32.Build.0 = Release|Win32
		{7C0B2036-335A-484A-B808-F5F0A0F291DA}.Release|x64.ActiveCfg = Release|Win32
		{A7E5F432-88A5-4365-8639-EC890A8243FA}.Debug|Win32.ActiveCfg = Debug|Win32
		{A7E5F432-88A5-4365-8639-EC890A8243FA}.Debug|Win32.Build.0 = Debug|Win32
		{A7E5F432-88A5-4365-8639-EC890A8243FA}.Debug|x64.ActiveCfg = Debug|Win32
		{A7E5F432-88A5-4365-8639-EC890A8243FA}.Release|Win32.ActiveCfg = Release|Win32
		{A7E5F432-88A5-4365-8639-EC890A8243FA}.Release|Win32.Build.0 = Release|Win32
		{A7E5F432-88A5-4365-8639-EC890A8243FA}.Release|x64.ActiveCfg = Release|Win32
		{8069F8E7-C97C-421E-AB34-BFB859DB365A}.Debug|Win32.ActiveCfg = Debug|Win32
		{8069F8E7-C97C-421E-AB34-BFB859DB365A}.Debug|Win32.Build.0 = Debug|Win32
		{8069F8E7-C97C-421E-AB34-BFB859DB365A}.Debug|x64.ActiveCfg = Debug|Win32
		{8069F8E7-C97C-421E-AB34-BFB859DB365A}.Release|Win32.ActiveCfg = Release|Win32
		{8069F8E7-C97C-421E-AB34-BFB859DB365A}.Release|Win32.Build.0 = Release|Win32
		{8069F8E7-C97C-421E-AB34-BFB859DB365A}.Release|x64.ActiveCfg = Release|Win32
		{DA1183AC-3525-46EC-BCF0-BEFD9DDB3D35}.Debug|Win32.ActiveCfg = Debug|Win32
		{DA1183AC-3525-46EC-BCF0-BEFD9DDB3D35}.Debug|Win32.Build.0 = Debug|Win32
		{DA1183AC-3525-46EC-BCF0-BEFD9DDB3D35}.Debug|x64.ActiveCfg = Debug|Win32
		{DA1183AC-3525-46EC-BCF0-BEFD9DDB3D35}.Release|Win32.ActiveCfg = Release|Win32
		{DA1183AC-3525-46EC-BCF0-BEFD9DDB3D35}.Release|Win32.Build.0 = Release|Win32
		{DA1183AC-3525-46EC-BCF0-BEFD9DDB3D35}.Release|x64.ActiveCfg = Release|Win32
		{E84870A8-F880-484E-92A5-4CC59634A167}.Debug|Win32.ActiveCfg = Debug|Win32
		{E84870A8-F880-484E-92A5-4CC59634A167}.Debug|Win32.Build.0 = Debug|Win32
		{E84870A8-F880-484E-92A5-4CC59634A167}.Debug|x64.ActiveCfg = Debug|x64
		{E84870A8-F880-484E-92A5-4CC59634A167}.Debug|x64.Build.0 = Debug|x64
		{E84870A8-F880-484E-92A5-4CC59634A167}.Release|Win32.ActiveCfg = Release|Win32
		{E84870A8-F880-484E-92A5-4CC59634A167}.Release|Win32.Build.0 = Release|Win32
		{E84870A8-F880-484E-92A5-4CC59634A167}.Release|x64.ActiveCfg = Release|x64
		{E84870A8-F880-484E-92A5-4CC59634A167}.Release|x64.Build.0 = Release|x64
		{5ADAA21E-F47C-40A4-A00B-AF6F5FE52B0C}.Debug|Win32.ActiveCfg = Debug|Win32
		{5ADAA21E-F47C-40A4-A00B-AF6F5FE52B0C}.Debug|Win32.Build.0 = Debug|Win32
		{5ADAA21E-F47C-40A4-A00B-AF6F5FE52B0C}.Debug|x64.ActiveCfg = Debug|x64
		{5ADAA21E-F47C-40A4-A00B-AF6F5FE52B0C}.Debug|x64.Build.0 = Debug|x64
		{5ADAA21E-F47C-40A4-A00B-AF6F5FE52B0C}.Release|Win32.ActiveCfg = Release|Win32
		{5ADAA21E-F47C-40A4-A00B-AF6F5FE52B0C}.Release|Win32.Build.0 = Release|Win32
		{5ADAA21E-F47C-40A4-A00B-AF6F5FE52B0C}.Release|x64.ActiveCfg = Release|x64
		{5ADAA21E-F47C-40A4-A00B-AF6F5FE52B0C}.Release|x64.Build.0 = Release|x64
		{7C304F41-CAFA-423E-98FA-5BE0E329A0DE}.Debug|Win32.ActiveCfg = Debug|Win32
		{7C304F41-CAFA-423E-98FA-5BE0E329A0DE}.Debug|x64.ActiveCfg = Debug|Win32
		{7C304F41-CAFA-423E-98FA-5BE0E329A0DE}.Release|Win32.ActiveCfg = Release|Win32
		{7C304F41-CAFA-423E-98FA-5BE0E329A0DE}.Release|x64.ActiveCfg = Release|Win32
		{F2A53702-11C0-4499-8B46-852E9183242E}.Debug|Win32.ActiveCfg = Debug|Win32
		{F2A53702-11C0-4499-8B46-852E9183242E}.Debug|x64.ActiveCfg = Debug|Win32
		{F2A53702-11C0-4499-8B46-852E9183242E}.Release|Win32.ActiveCfg = Release|Win32
		{F2A53702-11C0-4499-8B46-852E9183242E}.Release|x64.ActiveCfg = Release|Win32
		{9A1A433F-17BB-4079-963F-241594EB8DE6}.Debug|Win32.ActiveCfg = Debug|Win32
		{9A1A433F-17BB-4079-963F-241594EB8DE6}.Debug|x64.ActiveCfg = Debug|Win32
		{9A1A433F-17BB-4079-963F-241594EB8DE6}.Release|Win32.ActiveCfg = Release|Win32
		{9A1A433F-17BB-4079-963F-241594EB8DE6}.Release|x64.ActiveCfg = Release|Win32
		{65636404-DBD5-4F26-AE66-5558A5A5524C}.Debug|Win32.ActiveCfg = Debug|Win32
		{65636404-DBD5-4F26-AE66-5558A5A5524C}.Debug|x64.ActiveCfg = Debug|Win32
		{65636404-DBD5-4F26-AE66-5558A5A5524C}.Release|Win32.ActiveCfg = Release|Win32
		{65636404-DBD5-4F26-AE66-5558A5A5524C}.Release|x64.ActiveCfg = Release|Win32
		{164AB532-5990-4778-9FAF-50F1AA3051ED}.Debug|Win32.ActiveCfg = Debug|Win32
		{164AB532-5990-4778-9FAF-50F1AA3051ED}.Debug|x64.ActiveCfg = Debug|Win32
		{164AB532-5990-4778-9FAF-50F1AA3051ED}.Release|Win32.ActiveCfg = Release|Win32
		{164AB532-5990-4778-9FAF-50F1AA3051ED}.Release|x64.ActiveCfg = Release|Win32
		{804F5DF6-B8DD-4188-B110-3D90B26CBE59}.Debug|Win32.ActiveCfg = Debug|Win32
		{804F5DF6-B8DD-4188-B110-3D90B26CBE59}.Debug|Win32.Build.0 = Debug|Win32
		{804F5DF6-B8DD-4188-B110-3D90B26CBE59}.Debug|x64.ActiveCfg = Debug|x64
		{804F5DF6-B8DD-4188-B110-3D90B26CBE59}.Debug|x64.Build.0 = Debug|x64
		{804F5DF6-B8DD-4188-B110-3D90B26CBE59}.Release|Win32.ActiveCfg = Release|Win32
		{804F5DF6-B8DD-4188-B110-3D90B26CBE59}.Release|Win32.Build.0 = Release|Win32
		{804F5DF6-B8DD-4188-B110-3D90B26CBE59}.Release|x64.ActiveCfg = Release|x64
		{804F5DF6-B8DD-4188-B110-3D90B26CBE59}.Release|x64.Build.0 = Release|x64
		{8438EBFD-D646-47FB-86A6-6DB7C382BE36}.Debug|Win32.ActiveCfg = Debug|Win32
		{8438EBFD-D646-47FB-86A6-6DB7C382BE36}.Debug|Win32.Build.0 = Debug|Win32
		{8438EBFD-D646-47FB-86A6-6DB7C382BE36}.Debug|x64.ActiveCfg = Debug|Win32
		{8438EBFD-D646-47FB-86A6-6DB7C382BE36}.Release|Win32.ActiveCfg = Release|Win32
		{8438EBFD-D646-47FB-86A6-6DB7C382BE36}.Release|Win32.Build.0 = Release|Win32
		{8438EBFD-D646-47FB-86A6-6DB7C382BE36}.Release|x64.ActiveCfg = Release|Win32
		{7A6EB5AB-FCD7-4114-B6B4-E74BAB3F0DCB}.Debug|Win32.ActiveCfg = Debug|Win32
		{7A6EB5AB-FCD7-4114-B6B4-E74BAB3F0DCB}.Debug|Win32.Build.0 = Debug|Win32
		{7A6EB5AB-FCD7-4114-B6B4-E74BAB3F0DCB}.Debug|x64.ActiveCfg = Debug|Win32
		{7A6EB5AB-FCD7-4114-B6B4-E74BAB3F0DCB}.Release|Win32.ActiveCfg = Release|Win32
		{7A6EB5AB-FCD7-4114-B6B4-E74BAB3F0DCB}.Release|Win32.Build.0 = Release|Win32
		{7A6EB5AB-FCD7-4114-B6B4-E74BAB3F0DCB}.Release|x64.ActiveCfg = Release|Win32
		{F87D94B9-5432-4CE4-A917-A8F8AF432B0C}.Debug|Win32.ActiveCfg = Debug|Win32
		{F87D94B9-5432-4CE4-A917-A8F8AF432B0C}.Debug|Win32.Build.0 = Debug|Win32
		{F87D94B9-5432-4CE4-A917-A8F8AF432B0C}.Debug|x64.ActiveCfg = Debug|Win32
		{F87D94B9-5432-4CE4-A917-A8F8AF432B0C}.Release|Win32.ActiveCfg = Release|Win32
		{F87D94B9-5432-4CE4-A917-A8F8AF432B0C}.Release|Win32.Build.0 = Release|Win32
		{F87D94B9-5432-4CE4-A917-A8F8AF432B0C}.Release|x64.ActiveCfg = Release|Win32
		{5E63A2F5-8F11-4046-8FD7-B13C70484F12}.Debug|Win32.ActiveCfg = Debug|Win32
		{5E63A2F5-8F11-4046-8FD7-B13C70484F12}.Debug|Win32.Build.0 = Debug|Win32
		{5E63A2F5-8F11-4046-8FD7-B13C70484F12}.Debug|x64.ActiveCfg = Debug|Win32
		{5E63A2F5-8F11-4046-8FD7-B13C70484F12}.Release|Win32.ActiveCfg = Release|Win32
		{5E63A2F5-8F11-4046-8FD7-B13C70484F12}.Release|Win32.Build.0 = Release|Win32
		{5E63A2F5-8F11-4046-8FD7-B13C70484F12}.Release|x64.ActiveCfg = Release|Win32
		{81311004-91DF-4D2E-9304-CADD310D4117}.Debug|Win32.ActiveCfg = Debug|Win32
		{81311004-91DF-4D2E-9304-CADD310D4117}.Debug|Win32.Build.0 = Debug|Win32
		{81311004-91DF-4D2E-9304-CADD310D4117}.Debug|x64.ActiveCfg = Debug|Win32
		{81311004-91DF-4D2E-9304-CADD310D4117}.Release|Win32.ActiveCfg = Release|Win32
		{81311004-91DF-4D2E-9304-CADD310D4117}.Release|Win32.Build.0 = Release|Win32
		{81311004-91DF-4D2E-9304-CADD310D4117}.Release|x64.ActiveCfg = Release|Win32
		{12AF759E-04E8-4293-8803-AD728C52B520}.Debug|Win32.ActiveCfg = Debug|Win32
		{12AF759E-04E8-4293-8803-AD728C52B520}.Debug|x64.ActiveCfg = Debug|Win32
		{12AF759E-04E8-4293-8803-AD728C52B520}.Release|Win32.ActiveCfg = Release|Win32
		{12AF759E-04E8-4293-8803-AD728C52B520}.Release|x64.ActiveCfg = Release|Win32
	EndGlobalSection
	GlobalSection(SolutionProperties) = preSolution
		HideSolutionNode = FALSE
	EndGlobalSection
	GlobalSection(NestedProjects) = preSolution
		{192BE674-8A12-4B53-84E0-A41A45B32946} = {21FFCB6D-EDC2-4C1A-A4AE-1B9C195FE292}
		{342102C4-58B2-4F30-8289-C10FBA8DB217} = {21FFCB6D-EDC2-4C1A-A4AE-1B9C195FE292}
		{7C0B2036-335A-484A-B808-F5F0A0F291DA} = {21FFCB6D-EDC2-4C1A-A4AE-1B9C195FE292}
		{A7E5F432-88A5-4365-8639-EC890A8243FA} = {21FFCB6D-EDC2-4C1A-A4AE-1B9C195FE292}
		{8069F8E7-C97C-421E-AB34-BFB859DB365A} = {315DE94A-D360-45D2-B280-757D049A7349}
		{DA1183AC-3525-46EC-BCF0-BEFD9DDB3D35} = {315DE94A-D360-45D2-B280-757D049A7349}
		{E84870A8-F880-484E-92A5-4CC59634A167} = {315DE94A-D360-45D2-B280-757D049A7349}
		{5ADAA21E-F47C-40A4-A00B-AF6F5FE52B0C} = {315DE94A-D360-45D2-B280-757D049A7349}
		{7C304F41-CAFA-423E-98FA-5BE0E329A0DE} = {21FFCB6D-EDC2-4C1A-A4AE-1B9C195FE292}
		{F2A53702-11C0-4499-8B46-852E9183242E} = {21FFCB6D-EDC2-4C1A-A4AE-1B9C195FE292}
		{9A1A433F-17BB-4079-963F-241594EB8DE6} = {315DE94A-D360-45D2-B280-757D049A7349}
		{65636404-DBD5-4F26-AE66-5558A5A5524C} = {315DE94A-D360-45D2-B280-757D049A7349}
		{AF28240F-88C1-4749-8C4E-7D9A3EE99C57} = {2367B5BC-731C-4B97-97BD-D388BC5C085E}
		{B1DCD9A1-078B-4413-9F39-35B7A6AAF2C7} = {2367B5BC-731C-4B97-97BD-D388BC5C085E}
		{273E29E0-4DB6-44C2-9314-7B50C170D0B5} = {2367B5BC-731C-4B97-97BD-D388BC5C085E}
		{F811E546-1205-49CE-A0AA-D8328AABA958} = {2367B5BC-731C-4B97-97BD-D388BC5C085E}
		{164AB532-5990-4778-9FAF-50F1AA3051ED} = {315DE94A-D360-45D2-B280-757D049A7349}
		{804F5DF6-B8DD-4188-B110-3D90B26CBE59} = {21FFCB6D-EDC2-4C1A-A4AE-1B9C195FE292}
		{8438EBFD-D646-47FB-86A6-6DB7C382BE36} = {F0D7C1F1-9EAF-4780-84C1-4DCB80AEF2CF}
		{7A6EB5AB-FCD7-4114-B6B4-E74BAB3F0DCB} = {B1DCD9A1-078B-4413-9F39-35B7A6AAF2C7}
		{F87D94B9-5432-4CE4-A917-A8F8AF432B0C} = {AF28240F-88C1-4749-8C4E-7D9A3EE99C57}
		{5E63A2F5-8F11-4046-8FD7-B13C70484F12} = {273E29E0-4DB6-44C2-9314-7B50C170D0B5}
		{81311004-91DF-4D2E-9304-CADD310D4117} = {273E29E0-4DB6-44C2-9314-7B50C170D0B5}
		{12AF759E-04E8-4293-8803-AD728C52B520} = {F811E546-1205-49CE-A0AA-D8328AABA958}
		{4B6AEBF9-2DD2-4E73-B1E0-A20ACDA8AA74} = {2367B5BC-731C-4B97-97BD-D388BC5C085E}
		{1C007E96-C9F5-453C-B7B8-34F0537C4F62} = {2367B5BC-731C-4B97-97BD-D388BC5C085E}
	EndGlobalSection
EndGlobal
