<?xml version="1.0" encoding="utf-8"?>
<Project ToolsVersion="4.0" xmlns="http://schemas.microsoft.com/developer/msbuild/2003">
  <ItemGroup>
    <Filter Include="Fichiers sources">
      <UniqueIdentifier>{4FC737F1-C7A5-4376-A066-2A32D752A2FF}</UniqueIdentifier>
      <Extensions>cpp;c;cc;cxx;def;odl;idl;hpj;bat;asm;asmx</Extensions>
    </Filter>
    <Filter Include="Fichiers d%27en-tête">
      <UniqueIdentifier>{93995380-89BD-4b04-88EB-625FBE52EBFB}</UniqueIdentifier>
      <Extensions>h;hpp;hxx;hm;inl;inc;xsd</Extensions>
    </Filter>
    <Filter Include="Fichiers de ressources">
      <UniqueIdentifier>{67DA6AB6-F800-4c08-8B7A-83BB121AAD01}</UniqueIdentifier>
      <Extensions>rc;ico;cur;bmp;dlg;rc2;rct;bin;rgs;gif;jpg;jpeg;jpe;resx;tiff;tif;png;wav;mfcribbon-ms</Extensions>
    </Filter>
    <Filter Include="addr">
      <UniqueIdentifier>{cf1b43e3-3e41-407d-9cf7-94d834745a98}</UniqueIdentifier>
    </Filter>
    <Filter Include="util">
      <UniqueIdentifier>{e92bda7f-6620-410f-8f0e-0fa6ac993cb4}</UniqueIdentifier>
    </Filter>
    <Filter Include="srvc">
      <UniqueIdentifier>{cd8148a6-3e4d-4f1f-8641-e1a1ea763030}</UniqueIdentifier>
    </Filter>
  </ItemGroup>
  <ItemGroup>
    <ClInclude Include="stdafx.h">
      <Filter>Fichiers d%27en-tête</Filter>
    </ClInclude>
    <ClInclude Include="targetver.h">
      <Filter>Fichiers d%27en-tête</Filter>
    </ClInclude>
    <ClInclude Include="..\base.h">
      <Filter>Fichiers d%27en-tête</Filter>
    </ClInclude>
    <ClInclude Include="..\..\..\..\..\..\code\iso\itu\osi\als\base\util\Buffer.h">
      <Filter>util</Filter>
    </ClInclude>
    <ClInclude Include="..\..\..\..\..\..\code\iso\itu\osi\als\base\util\ProtocolException.h">
      <Filter>util</Filter>
    </ClInclude>
    <ClInclude Include="..\..\..\..\..\..\code\iso\itu\osi\als\base\addr\NSAPAddr.h">
      <Filter>addr</Filter>
    </ClInclude>
    <ClInclude Include="..\..\..\..\..\..\code\iso\itu\osi\als\base\addr\PSAPAddr.h">
      <Filter>addr</Filter>
    </ClInclude>
    <ClInclude Include="..\..\..\..\..\..\code\iso\itu\osi\als\base\addr\SSAPAddr.h">
      <Filter>addr</Filter>
    </ClInclude>
    <ClInclude Include="..\..\..\..\..\..\code\iso\itu\osi\als\base\addr\TSAPAddr.h">
      <Filter>addr</Filter>
    </ClInclude>
    <ClInclude Include="..\..\..\..\..\..\code\iso\itu\osi\als\base\util\Buffers.h">
      <Filter>util</Filter>
    </ClInclude>
    <ClInclude Include="..\..\..\..\..\..\code\iso\itu\osi\als\base\util\DynamicCast.h">
      <Filter>util</Filter>
    </ClInclude>
    <ClInclude Include="..\..\..\..\..\..\code\iso\itu\osi\als\base\addr\Selector.h">
      <Filter>addr</Filter>
    </ClInclude>
    <ClInclude Include="..\..\..\..\..\..\code\iso\itu\osi\als\base\srvc\Macros.h">
      <Filter>srvc</Filter>
    </ClInclude>
    <ClInclude Include="..\..\..\..\..\..\code\iso\itu\osi\als\base\srvc\IdentifierToken.h">
      <Filter>srvc</Filter>
    </ClInclude>
    <ClInclude Include="..\..\..\..\..\..\code\iso\itu\osi\als\base\srvc\IntLiteralToken.h">
      <Filter>srvc</Filter>
    </ClInclude>
    <ClInclude Include="..\..\..\..\..\..\code\iso\itu\osi\als\base\srvc\CommentToken.h">
      <Filter>srvc</Filter>
    </ClInclude>
    <ClInclude Include="..\..\..\..\..\..\code\iso\itu\osi\als\base\srvc\OSIService.h">
      <Filter>srvc</Filter>
    </ClInclude>
    <ClInclude Include="..\..\..\..\..\..\code\iso\itu\osi\als\base\srvc\OSIServices.h">
      <Filter>srvc</Filter>
    </ClInclude>
    <ClInclude Include="..\..\..\..\..\..\code\iso\itu\osi\als\base\srvc\PSAPService.h">
      <Filter>srvc</Filter>
    </ClInclude>
    <ClInclude Include="..\..\..\..\..\..\code\iso\itu\osi\als\base\srvc\PSAPServices.h">
      <Filter>srvc</Filter>
    </ClInclude>
    <ClInclude Include="..\..\..\..\..\..\code\iso\itu\osi\als\base\srvc\SSAPService.h">
      <Filter>srvc</Filter>
    </ClInclude>
    <ClInclude Include="..\..\..\..\..\..\code\iso\itu\osi\als\base\srvc\SSAPServices.h">
      <Filter>srvc</Filter>
    </ClInclude>
    <ClInclude Include="..\..\..\..\..\..\code\iso\itu\osi\als\base\srvc\TSAPService.h">
      <Filter>srvc</Filter>
    </ClInclude>
    <ClInclude Include="..\..\..\..\..\..\code\iso\itu\osi\als\base\srvc\TSAPServices.h">
      <Filter>srvc</Filter>
    </ClInclude>
    <ClInclude Include="..\..\..\..\..\..\code\iso\itu\osi\als\base\srvc\AEISAXHandler.h">
      <Filter>srvc</Filter>
    </ClInclude>
    <ClInclude Include="..\..\..\..\..\..\code\iso\itu\osi\als\base\addr\AFI.h">
      <Filter>addr</Filter>
    </ClInclude>
    <ClInclude Include="..\..\..\..\..\..\code\iso\itu\osi\als\base\addr\DCC.h">
      <Filter>addr</Filter>
    </ClInclude>
    <ClInclude Include="..\..\..\..\..\..\code\iso\itu\osi\als\base\addr\DSP.h">
      <Filter>addr</Filter>
    </ClInclude>
    <ClInclude Include="..\..\..\..\..\..\code\iso\itu\osi\als\base\addr\ECMA117Binary.h">
      <Filter>addr</Filter>
    </ClInclude>
    <ClInclude Include="..\..\..\..\..\..\code\iso\itu\osi\als\base\addr\ECMA117Decimal.h">
      <Filter>addr</Filter>
    </ClInclude>
    <ClInclude Include="..\..\..\..\..\..\code\iso\itu\osi\als\base\addr\ICD.h">
      <Filter>addr</Filter>
    </ClInclude>
    <ClInclude Include="..\..\..\..\..\..\code\iso\itu\osi\als\base\addr\ISDN.h">
      <Filter>addr</Filter>
    </ClInclude>
    <ClInclude Include="..\..\..\..\..\..\code\iso\itu\osi\als\base\addr\LOCAL.h">
      <Filter>addr</Filter>
    </ClInclude>
    <ClInclude Include="..\..\..\..\..\..\code\iso\itu\osi\als\base\addr\PSTN.h">
      <Filter>addr</Filter>
    </ClInclude>
    <ClInclude Include="..\..\..\..\..\..\code\iso\itu\osi\als\base\addr\RFC1006.h">
      <Filter>addr</Filter>
    </ClInclude>
    <ClInclude Include="..\..\..\..\..\..\code\iso\itu\osi\als\base\addr\TELEX.h">
      <Filter>addr</Filter>
    </ClInclude>
    <ClInclude Include="..\..\..\..\..\..\code\iso\itu\osi\als\base\addr\X121.h">
      <Filter>addr</Filter>
    </ClInclude>
    <ClInclude Include="..\..\..\..\..\..\code\iso\itu\osi\als\base\addr\X2580.h">
      <Filter>addr</Filter>
    </ClInclude>
  </ItemGroup>
  <ItemGroup>
    <ClCompile Include="stdafx.cpp">
      <Filter>Fichiers sources</Filter>
    </ClCompile>
    <ClCompile Include="dllmain.cpp">
      <Filter>Fichiers sources</Filter>
    </ClCompile>
    <ClCompile Include="..\..\..\..\..\..\code\iso\itu\osi\als\base\util\Buffer.cpp">
      <Filter>util</Filter>
    </ClCompile>
    <ClCompile Include="..\..\..\..\..\..\code\iso\itu\osi\als\base\util\ProtocolException.cpp">
      <Filter>util</Filter>
    </ClCompile>
    <ClCompile Include="..\..\..\..\..\..\code\iso\itu\osi\als\base\addr\NSAPAddr.cpp">
      <Filter>addr</Filter>
    </ClCompile>
    <ClCompile Include="..\..\..\..\..\..\code\iso\itu\osi\als\base\addr\PSAPAddr.cpp">
      <Filter>addr</Filter>
    </ClCompile>
    <ClCompile Include="..\..\..\..\..\..\code\iso\itu\osi\als\base\addr\SSAPAddr.cpp">
      <Filter>addr</Filter>
    </ClCompile>
    <ClCompile Include="..\..\..\..\..\..\code\iso\itu\osi\als\base\addr\TSAPAddr.cpp">
      <Filter>addr</Filter>
    </ClCompile>
    <ClCompile Include="..\..\..\..\..\..\code\iso\itu\osi\als\base\util\Buffers.cpp">
      <Filter>util</Filter>
    </ClCompile>
    <ClCompile Include="..\..\..\..\..\..\code\iso\itu\osi\als\base\util\DynamicCast.cpp">
      <Filter>util</Filter>
    </ClCompile>
    <ClCompile Include="..\..\..\..\..\..\code\iso\itu\osi\als\base\addr\Selector.cpp">
      <Filter>addr</Filter>
    </ClCompile>
    <ClCompile Include="..\..\..\..\..\..\code\iso\itu\osi\als\base\srvc\Macros.cpp">
      <Filter>srvc</Filter>
    </ClCompile>
    <ClCompile Include="..\..\..\..\..\..\code\iso\itu\osi\als\base\srvc\IdentifierToken.cpp">
      <Filter>srvc</Filter>
    </ClCompile>
    <ClCompile Include="..\..\..\..\..\..\code\iso\itu\osi\als\base\srvc\IntLiteralToken.cpp">
      <Filter>srvc</Filter>
    </ClCompile>
    <ClCompile Include="..\..\..\..\..\..\code\iso\itu\osi\als\base\srvc\CommentToken.cpp">
      <Filter>srvc</Filter>
    </ClCompile>
    <ClCompile Include="..\..\..\..\..\..\code\iso\itu\osi\als\base\srvc\OSIService.cpp">
      <Filter>srvc</Filter>
    </ClCompile>
    <ClCompile Include="..\..\..\..\..\..\code\iso\itu\osi\als\base\srvc\OSIServices.cpp">
      <Filter>srvc</Filter>
    </ClCompile>
    <ClCompile Include="..\..\..\..\..\..\code\iso\itu\osi\als\base\srvc\PSAPService.cpp">
      <Filter>srvc</Filter>
    </ClCompile>
    <ClCompile Include="..\..\..\..\..\..\code\iso\itu\osi\als\base\srvc\PSAPServices.cpp">
      <Filter>srvc</Filter>
    </ClCompile>
    <ClCompile Include="..\..\..\..\..\..\code\iso\itu\osi\als\base\srvc\SSAPService.cpp">
      <Filter>srvc</Filter>
    </ClCompile>
    <ClCompile Include="..\..\..\..\..\..\code\iso\itu\osi\als\base\srvc\SSAPServices.cpp">
      <Filter>srvc</Filter>
    </ClCompile>
    <ClCompile Include="..\..\..\..\..\..\code\iso\itu\osi\als\base\srvc\TSAPService.cpp">
      <Filter>srvc</Filter>
    </ClCompile>
    <ClCompile Include="..\..\..\..\..\..\code\iso\itu\osi\als\base\srvc\TSAPServices.cpp">
      <Filter>srvc</Filter>
    </ClCompile>
    <ClCompile Include="..\..\..\..\..\..\code\iso\itu\osi\als\base\srvc\AEISAXHandler.cpp">
      <Filter>srvc</Filter>
    </ClCompile>
    <ClCompile Include="..\..\..\..\..\..\code\iso\itu\osi\als\base\addr\AFI.cpp">
      <Filter>addr</Filter>
    </ClCompile>
    <ClCompile Include="..\..\..\..\..\..\code\iso\itu\osi\als\base\addr\DCC.cpp">
      <Filter>addr</Filter>
    </ClCompile>
    <ClCompile Include="..\..\..\..\..\..\code\iso\itu\osi\als\base\addr\DSP.cpp">
      <Filter>addr</Filter>
    </ClCompile>
    <ClCompile Include="..\..\..\..\..\..\code\iso\itu\osi\als\base\addr\ECMA117Binary.cpp">
      <Filter>addr</Filter>
    </ClCompile>
    <ClCompile Include="..\..\..\..\..\..\code\iso\itu\osi\als\base\addr\ECMA117Decimal.cpp">
      <Filter>addr</Filter>
    </ClCompile>
    <ClCompile Include="..\..\..\..\..\..\code\iso\itu\osi\als\base\addr\ICD.cpp">
      <Filter>addr</Filter>
    </ClCompile>
    <ClCompile Include="..\..\..\..\..\..\code\iso\itu\osi\als\base\addr\ISDN.cpp">
      <Filter>addr</Filter>
    </ClCompile>
    <ClCompile Include="..\..\..\..\..\..\code\iso\itu\osi\als\base\addr\LOCAL.cpp">
      <Filter>addr</Filter>
    </ClCompile>
    <ClCompile Include="..\..\..\..\..\..\code\iso\itu\osi\als\base\addr\PSTN.cpp">
      <Filter>addr</Filter>
    </ClCompile>
    <ClCompile Include="..\..\..\..\..\..\code\iso\itu\osi\als\base\addr\RFC1006.cpp">
      <Filter>addr</Filter>
    </ClCompile>
    <ClCompile Include="..\..\..\..\..\..\code\iso\itu\osi\als\base\addr\TELEX.cpp">
      <Filter>addr</Filter>
    </ClCompile>
    <ClCompile Include="..\..\..\..\..\..\code\iso\itu\osi\als\base\addr\X121.cpp">
      <Filter>addr</Filter>
    </ClCompile>
    <ClCompile Include="..\..\..\..\..\..\code\iso\itu\osi\als\base\addr\X2580.cpp">
      <Filter>addr</Filter>
    </ClCompile>
  </ItemGroup>
</Project>